
Microsoft Visual Studio Solution File, Format Version 12.00
# Visual Studio Version 16
VisualStudioVersion = 16.0.30709.132
MinimumVisualStudioVersion = 10.0.40219.1
Project("{FAE04EC0-301F-11D3-BF4B-00C04F79EFBC}") = "DevCard_MVC", "DevCard_MVC\DevCard_MVC.csproj", "{2D976F89-683C-4A22-90FB-EF09324D7A5A}"
EndProject
Global
	GlobalSection(SolutionConfigurationPlatforms) = preSolution
		Debug|Any CPU = Debug|Any CPU
		Release|Any CPU = Release|Any CPU
	EndGlobalSection
	GlobalSection(ProjectConfigurationPlatforms) = postSolution
		{2D976F89-683C-4A22-90FB-EF09324D7A5A}.Debug|Any CPU.ActiveCfg = Debug|Any CPU
		{2D976F89-683C-4A22-90FB-EF09324D7A5A}.Debug|Any CPU.Build.0 = Debug|Any CPU
		{2D976F89-683C-4A22-90FB-EF09324D7A5A}.Release|Any CPU.ActiveCfg = Release|Any CPU
		{2D976F89-683C-4A22-90FB-EF09324D7A5A}.Release|Any CPU.Build.0 = Release|Any CPU
	EndGlobalSection
	GlobalSection(SolutionProperties) = preSolution
		HideSolutionNode = FALSE
	EndGlobalSection
	GlobalSection(ExtensibilityGlobals) = postSolution
		SolutionGuid = {FFC0A44E-3949-4F5D-8A30-9CEF3844A0FB}
	EndGlobalSection
EndGlobal
